
Microsoft Visual Studio Solution File, Format Version 11.00
# Visual Studio 2010
Project("{FAE04EC0-301F-11D3-BF4B-00C04F79EFBC}") = "Furnishly.UI", "src\Furnishly.UI\Furnishly.UI.csproj", "{E4F818B8-1FB0-45D7-88E1-BDCF347C3026}"
EndProject
Project("{FAE04EC0-301F-11D3-BF4B-00C04F79EFBC}") = "Furnishly.UnitTests", "src\Furnishly.UnitTests\Furnishly.UnitTests.csproj", "{2C2653D3-5F37-4079-B4AC-49B604393D52}"
EndProject
Global
	GlobalSection(SolutionConfigurationPlatforms) = preSolution
		Debug|iPhoneSimulator = Debug|iPhoneSimulator
		Release|iPhoneSimulator = Release|iPhoneSimulator
		Debug|iPhone = Debug|iPhone
		Release|iPhone = Release|iPhone
		AppStore|iPhone = AppStore|iPhone
	EndGlobalSection
	GlobalSection(ProjectConfigurationPlatforms) = postSolution
		{2C2653D3-5F37-4079-B4AC-49B604393D52}.AppStore|iPhone.ActiveCfg = AppStore|iPhone
		{2C2653D3-5F37-4079-B4AC-49B604393D52}.AppStore|iPhone.Build.0 = AppStore|iPhone
		{2C2653D3-5F37-4079-B4AC-49B604393D52}.Debug|iPhone.ActiveCfg = Debug|iPhone
		{2C2653D3-5F37-4079-B4AC-49B604393D52}.Debug|iPhone.Build.0 = Debug|iPhone
		{2C2653D3-5F37-4079-B4AC-49B604393D52}.Debug|iPhoneSimulator.ActiveCfg = Debug|iPhoneSimulator
		{2C2653D3-5F37-4079-B4AC-49B604393D52}.Debug|iPhoneSimulator.Build.0 = Debug|iPhoneSimulator
		{2C2653D3-5F37-4079-B4AC-49B604393D52}.Release|iPhone.ActiveCfg = Release|iPhone
		{2C2653D3-5F37-4079-B4AC-49B604393D52}.Release|iPhone.Build.0 = Release|iPhone
		{2C2653D3-5F37-4079-B4AC-49B604393D52}.Release|iPhoneSimulator.ActiveCfg = Release|iPhoneSimulator
		{2C2653D3-5F37-4079-B4AC-49B604393D52}.Release|iPhoneSimulator.Build.0 = Release|iPhoneSimulator
		{E4F818B8-1FB0-45D7-88E1-BDCF347C3026}.AppStore|iPhone.ActiveCfg = AppStore|iPhone
		{E4F818B8-1FB0-45D7-88E1-BDCF347C3026}.AppStore|iPhone.Build.0 = AppStore|iPhone
		{E4F818B8-1FB0-45D7-88E1-BDCF347C3026}.Debug|iPhone.ActiveCfg = Debug|iPhone
		{E4F818B8-1FB0-45D7-88E1-BDCF347C3026}.Debug|iPhone.Build.0 = Debug|iPhone
		{E4F818B8-1FB0-45D7-88E1-BDCF347C3026}.Debug|iPhoneSimulator.ActiveCfg = Debug|iPhoneSimulator
		{E4F818B8-1FB0-45D7-88E1-BDCF347C3026}.Debug|iPhoneSimulator.Build.0 = Debug|iPhoneSimulator
		{E4F818B8-1FB0-45D7-88E1-BDCF347C3026}.Release|iPhone.ActiveCfg = Release|iPhone
		{E4F818B8-1FB0-45D7-88E1-BDCF347C3026}.Release|iPhone.Build.0 = Release|iPhone
		{E4F818B8-1FB0-45D7-88E1-BDCF347C3026}.Release|iPhoneSimulator.ActiveCfg = Release|iPhoneSimulator
		{E4F818B8-1FB0-45D7-88E1-BDCF347C3026}.Release|iPhoneSimulator.Build.0 = Release|iPhoneSimulator
	EndGlobalSection
	GlobalSection(MonoDevelopProperties) = preSolution
		StartupItem = src\Furnishly.UI\Furnishly.UI.csproj
	EndGlobalSection
EndGlobal
